
Microsoft Visual Studio Solution File, Format Version 12.00
# Visual Studio Version 17
VisualStudioVersion = 17.14.36804.6 d17.14
MinimumVisualStudioVersion = 10.0.40219.1
Project("{FAE04EC0-301F-11D3-BF4B-00C04F79EFBC}") = "VideoGameApi", "VideoGameApi.csproj", "{A682C336-9C95-42B9-8B45-4CF65F20903F}"
EndProject
Global
	GlobalSection(SolutionConfigurationPlatforms) = preSolution
		Debug|Any CPU = Debug|Any CPU
		Release|Any CPU = Release|Any CPU
	EndGlobalSection
	GlobalSection(ProjectConfigurationPlatforms) = postSolution
		{A682C336-9C95-42B9-8B45-4CF65F20903F}.Debug|Any CPU.ActiveCfg = Debug|Any CPU
		{A682C336-9C95-42B9-8B45-4CF65F20903F}.Debug|Any CPU.Build.0 = Debug|Any CPU
		{A682C336-9C95-42B9-8B45-4CF65F20903F}.Release|Any CPU.ActiveCfg = Release|Any CPU
		{A682C336-9C95-42B9-8B45-4CF65F20903F}.Release|Any CPU.Build.0 = Release|Any CPU
	EndGlobalSection
	GlobalSection(SolutionProperties) = preSolution
		HideSolutionNode = FALSE
	EndGlobalSection
	GlobalSection(ExtensibilityGlobals) = postSolution
		SolutionGuid = {742F1E19-02D7-4EB3-B225-FF65CFADD3FE}
	EndGlobalSection
EndGlobal
